{
  "name": "bemu-simple-event-test",
  "version": "1.0.0",
  "lockfileVersion": 1,
  "requires": true,
  "dependencies": {
    "bemu-simple-event": {
      "version": "1.0.4",
      "resolved": "https://registry.npmjs.org/bemu-simple-event/-/bemu-simple-event-1.0.4.tgz",
      "integrity": "sha512-lgxdzVT+pb5sm6d73TNNScn7sp1u6nvBBANX7pRuvtVRfi8Y3NDjTdN2vvbgEW70OsgoS6t15hO4NfcennIXxA=="
    }
  }
}
